
Microsoft Visual Studio Solution File, Format Version 12.00
# Visual Studio Version 16
VisualStudioVersion = 16.0.31410.357
MinimumVisualStudioVersion = 10.0.40219.1
Project("{FAE04EC0-301F-11D3-BF4B-00C04F79EFBC}") = "Modul3HW3", "Modul3HW3\Modul3HW3.csproj", "{8C3E3C5E-DD42-4844-9BB7-7F15F145ACE4}"
EndProject
Global
	GlobalSection(SolutionConfigurationPlatforms) = preSolution
		Debug|Any CPU = Debug|Any CPU
		Release|Any CPU = Release|Any CPU
	EndGlobalSection
	GlobalSection(ProjectConfigurationPlatforms) = postSolution
		{8C3E3C5E-DD42-4844-9BB7-7F15F145ACE4}.Debug|Any CPU.ActiveCfg = Debug|Any CPU
		{8C3E3C5E-DD42-4844-9BB7-7F15F145ACE4}.Debug|Any CPU.Build.0 = Debug|Any CPU
		{8C3E3C5E-DD42-4844-9BB7-7F15F145ACE4}.Release|Any CPU.ActiveCfg = Release|Any CPU
		{8C3E3C5E-DD42-4844-9BB7-7F15F145ACE4}.Release|Any CPU.Build.0 = Release|Any CPU
	EndGlobalSection
	GlobalSection(SolutionProperties) = preSolution
		HideSolutionNode = FALSE
	EndGlobalSection
	GlobalSection(ExtensibilityGlobals) = postSolution
		SolutionGuid = {8977B059-00D5-4D35-B552-C0D0911CC1EC}
	EndGlobalSection
EndGlobal
